
Microsoft Visual Studio Solution File, Format Version 12.00
# Visual Studio Version 16
VisualStudioVersion = 16.0.29911.98
MinimumVisualStudioVersion = 10.0.40219.1
Project("{FAE04EC0-301F-11D3-BF4B-00C04F79EFBC}") = "wallpaperchanger", "wallpaperchanger\wallpaperchanger.csproj", "{808D05A6-54D1-4E07-8DE1-172BF1D22AF8}"
EndProject
Global
	GlobalSection(SolutionConfigurationPlatforms) = preSolution
		Debug|Any CPU = Debug|Any CPU
		Release|Any CPU = Release|Any CPU
	EndGlobalSection
	GlobalSection(ProjectConfigurationPlatforms) = postSolution
		{808D05A6-54D1-4E07-8DE1-172BF1D22AF8}.Debug|Any CPU.ActiveCfg = Debug|Any CPU
		{808D05A6-54D1-4E07-8DE1-172BF1D22AF8}.Debug|Any CPU.Build.0 = Debug|Any CPU
		{808D05A6-54D1-4E07-8DE1-172BF1D22AF8}.Release|Any CPU.ActiveCfg = Release|Any CPU
		{808D05A6-54D1-4E07-8DE1-172BF1D22AF8}.Release|Any CPU.Build.0 = Release|Any CPU
	EndGlobalSection
	GlobalSection(SolutionProperties) = preSolution
		HideSolutionNode = FALSE
	EndGlobalSection
	GlobalSection(ExtensibilityGlobals) = postSolution
		SolutionGuid = {21452017-F14E-463C-987F-6E6E6F3881FB}
	EndGlobalSection
EndGlobal
